
Microsoft Visual Studio Solution File, Format Version 12.00
# Visual Studio Version 16
VisualStudioVersion = 16.0.32929.386
MinimumVisualStudioVersion = 10.0.40219.1
Project("{FAE04EC0-301F-11D3-BF4B-00C04F79EFBC}") = "OptionalParamsAndNamedArguments", "OptionalParamsAndNamedArguments\OptionalParamsAndNamedArguments.csproj", "{851F315D-E40C-4636-91E3-41621E4C4542}"
EndProject
Global
	GlobalSection(SolutionConfigurationPlatforms) = preSolution
		Debug|Any CPU = Debug|Any CPU
		Release|Any CPU = Release|Any CPU
	EndGlobalSection
	GlobalSection(ProjectConfigurationPlatforms) = postSolution
		{851F315D-E40C-4636-91E3-41621E4C4542}.Debug|Any CPU.ActiveCfg = Debug|Any CPU
		{851F315D-E40C-4636-91E3-41621E4C4542}.Debug|Any CPU.Build.0 = Debug|Any CPU
		{851F315D-E40C-4636-91E3-41621E4C4542}.Release|Any CPU.ActiveCfg = Release|Any CPU
		{851F315D-E40C-4636-91E3-41621E4C4542}.Release|Any CPU.Build.0 = Release|Any CPU
	EndGlobalSection
	GlobalSection(SolutionProperties) = preSolution
		HideSolutionNode = FALSE
	EndGlobalSection
	GlobalSection(ExtensibilityGlobals) = postSolution
		SolutionGuid = {10DF6E5C-B57E-407F-AB7D-9DF333488C5D}
	EndGlobalSection
EndGlobal
